{
  "name": "fixture-application",
  "version": "1.0.0",
  "lockfileVersion": 3,
  "packages": {
    "": {
      "name": "fixture-application",
      "version": "1.0.0"
    },
    "node_modules/alias-util": {
      "name": "real-util",
      "version": "3.2.1"
    },
    "node_modules/dev-tool": {
      "version": "2.0.4",
      "dev": true,
      "dependencies": {
        "shared": "^1.0.0"
      }
    },
    "node_modules/optional-addon": {
      "version": "1.1.0",
      "optional": true,
      "dependencies": {
        "shared": "^1.0.0"
      }
    },
    "node_modules/package-a": {
      "version": "1.4.0",
      "dependencies": {
        "duplicate": "^1.0.0",
        "package-b": "^2.0.0"
      },
      "peerDependencies": {
        "peer-runtime": "^4.0.0"
      }
    },
    "node_modules/package-a/node_modules/duplicate": {
      "version": "1.0.2"
    },
    "node_modules/package-b": {
      "version": "2.3.0",
      "dependencies": {
        "duplicate": "^2.0.0",
        "lodash": "^4.17.0"
      }
    },
    "node_modules/package-b/node_modules/duplicate": {
      "version": "2.1.0"
    },
    "node_modules/lodash": {
      "version": "4.17.20"
    },
    "node_modules/peer-host": {
      "version": "5.2.0",
      "peer": true
    },
    "node_modules/peer-runtime": {
      "version": "4.1.0",
      "peer": true
    },
    "node_modules/shared": {
      "version": "1.0.5",
      "devOptional": true
    },
    "node_modules/unreachable": {
      "version": "9.9.9"
    }
  }
}
