# THIS IS AN AUTOGENERATED FILE. DO NOT EDIT THIS FILE DIRECTLY.
# yarn lockfile v1

alpha@^1.0.0:
  version "1.2.3"
  resolved "https://registry.yarnpkg.com/alpha/-/alpha-1.2.3.tgz"
  dependencies:
    beta "^2.0.0"

beta@^2.0.0:
  version "2.4.0"
  resolved "https://registry.npmjs.org/beta/-/beta-2.4.0.tgz"

alias-util@npm:real-util@^3.0.0:
  version "3.1.0"
  resolved "https://registry.npmjs.org/real-util/-/real-util-3.1.0.tgz"

optional-addon@^4.0.0:
  version "4.0.2"
  resolved "https://registry.yarnpkg.com/optional-addon/-/optional-addon-4.0.2.tgz"

dev-tool@^5.0.0:
  version "5.3.0"
  resolved "https://registry.yarnpkg.com/dev-tool/-/dev-tool-5.3.0.tgz"

workspace-runtime@^6.0.0:
  version "6.0.1"
  resolved "https://registry.yarnpkg.com/workspace-runtime/-/workspace-runtime-6.0.1.tgz"
