{
  "name": "phase4-smoke-frontend",
  "version": "1.0.0",
  "lockfileVersion": 3,
  "requires": true,
  "packages": {
    "": {
      "name": "phase4-smoke-frontend",
      "version": "1.0.0",
      "workspaces": [
        "packages/*"
      ],
      "dependencies": {
        "fixture-npm": "1.2.3"
      }
    },
    "packages/app": {
      "name": "phase4-smoke-workspace-app",
      "version": "1.0.0",
      "dependencies": {
        "fixture-npm": "1.2.3"
      }
    },
    "node_modules/phase4-smoke-workspace-app": {
      "resolved": "packages/app",
      "link": true
    },
    "node_modules/fixture-npm": {
      "version": "1.2.3"
    }
  }
}
