{
  "_meta": {
    "pipfile-spec": 6,
    "sources": [
      {
        "name": "pypi",
        "url": "https://pypi.org/simple",
        "verify_ssl": true
      }
    ]
  },
  "default": {
    "requests": {
      "version": "==2.31.0",
      "index": "pypi",
      "hashes": ["sha256:fixture"]
    },
    "urllib3": {
      "version": "==2.0.7",
      "hashes": ["sha256:fixture"]
    }
  },
  "develop": {
    "pytest": {
      "version": "==8.3.4",
      "hashes": ["sha256:fixture"]
    }
  }
}
